
Microsoft Visual Studio Solution File, Format Version 12.00
# Visual Studio Version 17
VisualStudioVersion = 17.1.32210.238
MinimumVisualStudioVersion = 10.0.40219.1
Project("{FAE04EC0-301F-11D3-BF4B-00C04F79EFBC}") = "Lesson3", "Lesson3\Lesson3.csproj", "{995B8EA5-B548-41AB-B68E-8BFEEE66BF25}"
EndProject
Global
	GlobalSection(SolutionConfigurationPlatforms) = preSolution
		Debug|Any CPU = Debug|Any CPU
		Release|Any CPU = Release|Any CPU
	EndGlobalSection
	GlobalSection(ProjectConfigurationPlatforms) = postSolution
		{995B8EA5-B548-41AB-B68E-8BFEEE66BF25}.Debug|Any CPU.ActiveCfg = Debug|Any CPU
		{995B8EA5-B548-41AB-B68E-8BFEEE66BF25}.Debug|Any CPU.Build.0 = Debug|Any CPU
		{995B8EA5-B548-41AB-B68E-8BFEEE66BF25}.Release|Any CPU.ActiveCfg = Release|Any CPU
		{995B8EA5-B548-41AB-B68E-8BFEEE66BF25}.Release|Any CPU.Build.0 = Release|Any CPU
	EndGlobalSection
	GlobalSection(SolutionProperties) = preSolution
		HideSolutionNode = FALSE
	EndGlobalSection
	GlobalSection(ExtensibilityGlobals) = postSolution
		SolutionGuid = {6FF96FA9-FAD7-446E-9313-2B0C98ACF38F}
	EndGlobalSection
EndGlobal
